
Microsoft Visual Studio Solution File, Format Version 12.00
# Visual Studio 15
VisualStudioVersion = 15.0.28010.2016
MinimumVisualStudioVersion = 10.0.40219.1
Project("{8BC9CEB8-8B4A-11D0-8D11-00A0C91BC942}") = "Servidor", "Proyecto\Proyecto.vcxproj", "{ECBB1AC0-A149-4B14-A517-92B2ABE9C0A2}"
EndProject
Project("{8BC9CEB8-8B4A-11D0-8D11-00A0C91BC942}") = "Cliente", "..\Cliente\Cliente\Cliente.vcxproj", "{B46877DE-620E-43D1-9537-B0228DC1AAED}"
EndProject
Global
	GlobalSection(SolutionConfigurationPlatforms) = preSolution
		Debug|x64 = Debug|x64
		Debug|x86 = Debug|x86
		Release|x64 = Release|x64
		Release|x86 = Release|x86
	EndGlobalSection
	GlobalSection(ProjectConfigurationPlatforms) = postSolution
		{ECBB1AC0-A149-4B14-A517-92B2ABE9C0A2}.Debug|x64.ActiveCfg = Debug|x64
		{ECBB1AC0-A149-4B14-A517-92B2ABE9C0A2}.Debug|x64.Build.0 = Debug|x64
		{ECBB1AC0-A149-4B14-A517-92B2ABE9C0A2}.Debug|x86.ActiveCfg = Debug|Win32
		{ECBB1AC0-A149-4B14-A517-92B2ABE9C0A2}.Debug|x86.Build.0 = Debug|Win32
		{ECBB1AC0-A149-4B14-A517-92B2ABE9C0A2}.Release|x64.ActiveCfg = Release|x64
		{ECBB1AC0-A149-4B14-A517-92B2ABE9C0A2}.Release|x64.Build.0 = Release|x64
		{ECBB1AC0-A149-4B14-A517-92B2ABE9C0A2}.Release|x86.ActiveCfg = Release|Win32
		{ECBB1AC0-A149-4B14-A517-92B2ABE9C0A2}.Release|x86.Build.0 = Release|Win32
		{B46877DE-620E-43D1-9537-B0228DC1AAED}.Debug|x64.ActiveCfg = Debug|x64
		{B46877DE-620E-43D1-9537-B0228DC1AAED}.Debug|x64.Build.0 = Debug|x64
		{B46877DE-620E-43D1-9537-B0228DC1AAED}.Debug|x86.ActiveCfg = Debug|Win32
		{B46877DE-620E-43D1-9537-B0228DC1AAED}.Debug|x86.Build.0 = Debug|Win32
		{B46877DE-620E-43D1-9537-B0228DC1AAED}.Release|x64.ActiveCfg = Release|x64
		{B46877DE-620E-43D1-9537-B0228DC1AAED}.Release|x64.Build.0 = Release|x64
		{B46877DE-620E-43D1-9537-B0228DC1AAED}.Release|x86.ActiveCfg = Release|Win32
		{B46877DE-620E-43D1-9537-B0228DC1AAED}.Release|x86.Build.0 = Release|Win32
	EndGlobalSection
	GlobalSection(SolutionProperties) = preSolution
		HideSolutionNode = FALSE
	EndGlobalSection
	GlobalSection(ExtensibilityGlobals) = postSolution
		SolutionGuid = {62062E72-C6EF-49A9-921D-66B1D8431C48}
	EndGlobalSection
EndGlobal
